
Microsoft Visual Studio Solution File, Format Version 12.00
# Visual Studio 15
VisualStudioVersion = 15.0.27130.2027
MinimumVisualStudioVersion = 10.0.40219.1
Project("{FAE04EC0-301F-11D3-BF4B-00C04F79EFBC}") = "ConsoleApp1", "ConsoleApp1.csproj", "{9FEBB58B-DB05-4EE8-8282-A2956239CBD5}"
EndProject
Global
	GlobalSection(SolutionConfigurationPlatforms) = preSolution
		Debug|Any CPU = Debug|Any CPU
		Release|Any CPU = Release|Any CPU
	EndGlobalSection
	GlobalSection(ProjectConfigurationPlatforms) = postSolution
		{9FEBB58B-DB05-4EE8-8282-A2956239CBD5}.Debug|Any CPU.ActiveCfg = Debug|Any CPU
		{9FEBB58B-DB05-4EE8-8282-A2956239CBD5}.Debug|Any CPU.Build.0 = Debug|Any CPU
		{9FEBB58B-DB05-4EE8-8282-A2956239CBD5}.Release|Any CPU.ActiveCfg = Release|Any CPU
		{9FEBB58B-DB05-4EE8-8282-A2956239CBD5}.Release|Any CPU.Build.0 = Release|Any CPU
	EndGlobalSection
	GlobalSection(SolutionProperties) = preSolution
		HideSolutionNode = FALSE
	EndGlobalSection
	GlobalSection(ExtensibilityGlobals) = postSolution
		SolutionGuid = {0D372032-38F7-4A95-B461-61A49FAF5F16}
	EndGlobalSection
EndGlobal
